// !$*UTF8*$!
{
	archiveVersion = 1;
	classes = {
	};
	objectVersion = 46;
	objects = {

/* Begin PBXBuildFile section */
		015CBEBD14C613780007A2FD /* libDailymotion.a in Frameworks */ = {isa = PBXBuildFile; fileRef = 015CBEA114C613240007A2FD /* libDailymotion.a */; };
		01F972FC1491580100D763EA /* MediaPlayer.framework in Frameworks */ = {isa = PBXBuildFile; fileRef = 01F972FB1491580100D763EA /* MediaPlayer.framework */; };
		01F9FB761480FB6300745398 /* UIKit.framework in Frameworks */ = {isa = PBXBuildFile; fileRef = 01F9FB751480FB6300745398 /* UIKit.framework */; };
		01F9FB781480FB6300745398 /* Foundation.framework in Frameworks */ = {isa = PBXBuildFile; fileRef = 01F9FB771480FB6300745398 /* Foundation.framework */; };
		01F9FB7A1480FB6300745398 /* CoreGraphics.framework in Frameworks */ = {isa = PBXBuildFile; fileRef = 01F9FB791480FB6300745398 /* CoreGraphics.framework */; };
		01F9FB801480FB6300745398 /* InfoPlist.strings in Resources */ = {isa = PBXBuildFile; fileRef = 01F9FB7E1480FB6300745398 /* InfoPlist.strings */; };
		01F9FB821480FB6300745398 /* main.m in Sources */ = {isa = PBXBuildFile; fileRef = 01F9FB811480FB6300745398 /* main.m */; };
		01F9FB861480FB6300745398 /* AppDelegate.m in Sources */ = {isa = PBXBuildFile; fileRef = 01F9FB851480FB6300745398 /* AppDelegate.m */; };
		01F9FB891480FB6300745398 /* MainStoryboard.storyboard in Resources */ = {isa = PBXBuildFile; fileRef = 01F9FB871480FB6300745398 /* MainStoryboard.storyboard */; };
		01F9FB8C1480FB6300745398 /* ViewController.m in Sources */ = {isa = PBXBuildFile; fileRef = 01F9FB8B1480FB6300745398 /* ViewController.m */; };
		01F9FB94148102B400745398 /* VideoPickerController.m in Sources */ = {isa = PBXBuildFile; fileRef = 01F9FB93148102B400745398 /* VideoPickerController.m */; };
		01F9FB961481039300745398 /* MobileCoreServices.framework in Frameworks */ = {isa = PBXBuildFile; fileRef = 01F9FB951481039300745398 /* MobileCoreServices.framework */; };
/* End PBXBuildFile section */

/* Begin PBXContainerItemProxy section */
		015CBEA014C613240007A2FD /* PBXContainerItemProxy */ = {
			isa = PBXContainerItemProxy;
			containerPortal = 015CBE9814C613240007A2FD /* iOS.xcodeproj */;
			proxyType = 2;
			remoteGlobalIDString = D2AAC07E0554694100DB518D;
			remoteInfo = Dailymotion;
		};
		015CBEA214C613240007A2FD /* PBXContainerItemProxy */ = {
			isa = PBXContainerItemProxy;
			containerPortal = 015CBE9814C613240007A2FD /* iOS.xcodeproj */;
			proxyType = 2;
			remoteGlobalIDString = 53E273561265BD1C00B541BE;
			remoteInfo = DailymotionTests;
		};
		015CBEBB14C6136F0007A2FD /* PBXContainerItemProxy */ = {
			isa = PBXContainerItemProxy;
			containerPortal = 015CBE9814C613240007A2FD /* iOS.xcodeproj */;
			proxyType = 1;
			remoteGlobalIDString = D2AAC07D0554694100DB518D;
			remoteInfo = Dailymotion;
		};
/* End PBXContainerItemProxy section */

/* Begin PBXFileReference section */
		015CBE9814C613240007A2FD /* iOS.xcodeproj */ = {isa = PBXFileReference; lastKnownFileType = "wrapper.pb-project"; path = iOS.xcodeproj; sourceTree = "<group>"; };
		01F972FB1491580100D763EA /* MediaPlayer.framework */ = {isa = PBXFileReference; lastKnownFileType = wrapper.framework; name = MediaPlayer.framework; path = System/Library/Frameworks/MediaPlayer.framework; sourceTree = SDKROOT; };
		01F9FB711480FB6300745398 /* klaxpont.app */ = {isa = PBXFileReference; explicitFileType = wrapper.application; includeInIndex = 0; path = klaxpont.app; sourceTree = BUILT_PRODUCTS_DIR; };
		01F9FB751480FB6300745398 /* UIKit.framework */ = {isa = PBXFileReference; lastKnownFileType = wrapper.framework; name = UIKit.framework; path = System/Library/Frameworks/UIKit.framework; sourceTree = SDKROOT; };
		01F9FB771480FB6300745398 /* Foundation.framework */ = {isa = PBXFileReference; lastKnownFileType = wrapper.framework; name = Foundation.framework; path = System/Library/Frameworks/Foundation.framework; sourceTree = SDKROOT; };
		01F9FB791480FB6300745398 /* CoreGraphics.framework */ = {isa = PBXFileReference; lastKnownFileType = wrapper.framework; name = CoreGraphics.framework; path = System/Library/Frameworks/CoreGraphics.framework; sourceTree = SDKROOT; };
		01F9FB7D1480FB6300745398 /* klaxpont-Info.plist */ = {isa = PBXFileReference; lastKnownFileType = text.plist.xml; path = "klaxpont-Info.plist"; sourceTree = "<group>"; };
		01F9FB7F1480FB6300745398 /* en */ = {isa = PBXFileReference; lastKnownFileType = text.plist.strings; name = en; path = en.lproj/InfoPlist.strings; sourceTree = "<group>"; };
		01F9FB811480FB6300745398 /* main.m */ = {isa = PBXFileReference; lastKnownFileType = sourcecode.c.objc; path = main.m; sourceTree = "<group>"; };
		01F9FB831480FB6300745398 /* klaxpont-Prefix.pch */ = {isa = PBXFileReference; lastKnownFileType = sourcecode.c.h; path = "klaxpont-Prefix.pch"; sourceTree = "<group>"; };
		01F9FB841480FB6300745398 /* AppDelegate.h */ = {isa = PBXFileReference; lastKnownFileType = sourcecode.c.h; path = AppDelegate.h; sourceTree = "<group>"; };
		01F9FB851480FB6300745398 /* AppDelegate.m */ = {isa = PBXFileReference; lastKnownFileType = sourcecode.c.objc; path = AppDelegate.m; sourceTree = "<group>"; };
		01F9FB881480FB6300745398 /* en */ = {isa = PBXFileReference; lastKnownFileType = file.storyboard; name = en; path = en.lproj/MainStoryboard.storyboard; sourceTree = "<group>"; };
		01F9FB8A1480FB6300745398 /* ViewController.h */ = {isa = PBXFileReference; lastKnownFileType = sourcecode.c.h; path = ViewController.h; sourceTree = "<group>"; };
		01F9FB8B1480FB6300745398 /* ViewController.m */ = {isa = PBXFileReference; lastKnownFileType = sourcecode.c.objc; path = ViewController.m; sourceTree = "<group>"; };
		01F9FB92148102B400745398 /* VideoPickerController.h */ = {isa = PBXFileReference; fileEncoding = 4; lastKnownFileType = sourcecode.c.h; path = VideoPickerController.h; sourceTree = "<group>"; };
		01F9FB93148102B400745398 /* VideoPickerController.m */ = {isa = PBXFileReference; fileEncoding = 4; lastKnownFileType = sourcecode.c.objc; path = VideoPickerController.m; sourceTree = "<group>"; };
		01F9FB951481039300745398 /* MobileCoreServices.framework */ = {isa = PBXFileReference; lastKnownFileType = wrapper.framework; name = MobileCoreServices.framework; path = System/Library/Frameworks/MobileCoreServices.framework; sourceTree = SDKROOT; };
/* End PBXFileReference section */

/* Begin PBXFrameworksBuildPhase section */
		01F9FB6E1480FB6300745398 /* Frameworks */ = {
			isa = PBXFrameworksBuildPhase;
			buildActionMask = 2147483647;
			files = (
				015CBEBD14C613780007A2FD /* libDailymotion.a in Frameworks */,
				01F972FC1491580100D763EA /* MediaPlayer.framework in Frameworks */,
				01F9FB961481039300745398 /* MobileCoreServices.framework in Frameworks */,
				01F9FB761480FB6300745398 /* UIKit.framework in Frameworks */,
				01F9FB781480FB6300745398 /* Foundation.framework in Frameworks */,
				01F9FB7A1480FB6300745398 /* CoreGraphics.framework in Frameworks */,
			);
			runOnlyForDeploymentPostprocessing = 0;
		};
/* End PBXFrameworksBuildPhase section */

/* Begin PBXGroup section */
		014F3CB614B90488001ED2E9 /* libs */ = {
			isa = PBXGroup;
			children = (
				015CBE9814C613240007A2FD /* iOS.xcodeproj */,
			);
			path = libs;
			sourceTree = "<group>";
		};
		015CBE9914C613240007A2FD /* Products */ = {
			isa = PBXGroup;
			children = (
				015CBEA114C613240007A2FD /* libDailymotion.a */,
				015CBEA314C613240007A2FD /* Tests.octest */,
			);
			name = Products;
			sourceTree = "<group>";
		};
		01F9FB661480FB6300745398 = {
			isa = PBXGroup;
			children = (
				014F3CB614B90488001ED2E9 /* libs */,
				01F9FB7B1480FB6300745398 /* klaxpont */,
				01F9FB741480FB6300745398 /* Frameworks */,
				01F9FB721480FB6300745398 /* Products */,
			);
			sourceTree = "<group>";
		};
		01F9FB721480FB6300745398 /* Products */ = {
			isa = PBXGroup;
			children = (
				01F9FB711480FB6300745398 /* klaxpont.app */,
			);
			name = Products;
			sourceTree = "<group>";
		};
		01F9FB741480FB6300745398 /* Frameworks */ = {
			isa = PBXGroup;
			children = (
				01F972FB1491580100D763EA /* MediaPlayer.framework */,
				01F9FB951481039300745398 /* MobileCoreServices.framework */,
				01F9FB751480FB6300745398 /* UIKit.framework */,
				01F9FB771480FB6300745398 /* Foundation.framework */,
				01F9FB791480FB6300745398 /* CoreGraphics.framework */,
			);
			name = Frameworks;
			sourceTree = "<group>";
		};
		01F9FB7B1480FB6300745398 /* klaxpont */ = {
			isa = PBXGroup;
			children = (
				01F9FB841480FB6300745398 /* AppDelegate.h */,
				01F9FB851480FB6300745398 /* AppDelegate.m */,
				01F9FB871480FB6300745398 /* MainStoryboard.storyboard */,
				01F9FB97148104E100745398 /* Classes */,
				01F9FB7C1480FB6300745398 /* Supporting Files */,
			);
			path = klaxpont;
			sourceTree = "<group>";
		};
		01F9FB7C1480FB6300745398 /* Supporting Files */ = {
			isa = PBXGroup;
			children = (
				01F9FB7D1480FB6300745398 /* klaxpont-Info.plist */,
				01F9FB7E1480FB6300745398 /* InfoPlist.strings */,
				01F9FB811480FB6300745398 /* main.m */,
				01F9FB831480FB6300745398 /* klaxpont-Prefix.pch */,
			);
			name = "Supporting Files";
			sourceTree = "<group>";
		};
		01F9FB97148104E100745398 /* Classes */ = {
			isa = PBXGroup;
			children = (
				01F9FB8A1480FB6300745398 /* ViewController.h */,
				01F9FB8B1480FB6300745398 /* ViewController.m */,
				01F9FB92148102B400745398 /* VideoPickerController.h */,
				01F9FB93148102B400745398 /* VideoPickerController.m */,
			);
			name = Classes;
			sourceTree = "<group>";
		};
/* End PBXGroup section */

/* Begin PBXNativeTarget section */
		01F9FB701480FB6300745398 /* klaxpont */ = {
			isa = PBXNativeTarget;
			buildConfigurationList = 01F9FB8F1480FB6300745398 /* Build configuration list for PBXNativeTarget "klaxpont" */;
			buildPhases = (
				01F9FB6D1480FB6300745398 /* Sources */,
				01F9FB6E1480FB6300745398 /* Frameworks */,
				01F9FB6F1480FB6300745398 /* Resources */,
			);
			buildRules = (
			);
			dependencies = (
				015CBEBC14C6136F0007A2FD /* PBXTargetDependency */,
			);
			name = klaxpont;
			productName = klaxpont;
			productReference = 01F9FB711480FB6300745398 /* klaxpont.app */;
			productType = "com.apple.product-type.application";
		};
/* End PBXNativeTarget section */

/* Begin PBXProject section */
		01F9FB681480FB6300745398 /* Project object */ = {
			isa = PBXProject;
			attributes = {
				LastUpgradeCheck = 0420;
			};
			buildConfigurationList = 01F9FB6B1480FB6300745398 /* Build configuration list for PBXProject "klaxpont" */;
			compatibilityVersion = "Xcode 3.2";
			developmentRegion = English;
			hasScannedForEncodings = 0;
			knownRegions = (
				en,
			);
			mainGroup = 01F9FB661480FB6300745398;
			productRefGroup = 01F9FB721480FB6300745398 /* Products */;
			projectDirPath = "";
			projectReferences = (
				{
					ProductGroup = 015CBE9914C613240007A2FD /* Products */;
					ProjectRef = 015CBE9814C613240007A2FD /* iOS.xcodeproj */;
				},
			);
			projectRoot = "";
			targets = (
				01F9FB701480FB6300745398 /* klaxpont */,
			);
		};
/* End PBXProject section */

/* Begin PBXReferenceProxy section */
		015CBEA114C613240007A2FD /* libDailymotion.a */ = {
			isa = PBXReferenceProxy;
			fileType = archive.ar;
			path = libDailymotion.a;
			remoteRef = 015CBEA014C613240007A2FD /* PBXContainerItemProxy */;
			sourceTree = BUILT_PRODUCTS_DIR;
		};
		015CBEA314C613240007A2FD /* Tests.octest */ = {
			isa = PBXReferenceProxy;
			fileType = wrapper.cfbundle;
			path = Tests.octest;
			remoteRef = 015CBEA214C613240007A2FD /* PBXContainerItemProxy */;
			sourceTree = BUILT_PRODUCTS_DIR;
		};
/* End PBXReferenceProxy section */

/* Begin PBXResourcesBuildPhase section */
		01F9FB6F1480FB6300745398 /* Resources */ = {
			isa = PBXResourcesBuildPhase;
			buildActionMask = 2147483647;
			files = (
				01F9FB801480FB6300745398 /* InfoPlist.strings in Resources */,
				01F9FB891480FB6300745398 /* MainStoryboard.storyboard in Resources */,
			);
			runOnlyForDeploymentPostprocessing = 0;
		};
/* End PBXResourcesBuildPhase section */

/* Begin PBXSourcesBuildPhase section */
		01F9FB6D1480FB6300745398 /* Sources */ = {
			isa = PBXSourcesBuildPhase;
			buildActionMask = 2147483647;
			files = (
				01F9FB821480FB6300745398 /* main.m in Sources */,
				01F9FB861480FB6300745398 /* AppDelegate.m in Sources */,
				01F9FB8C1480FB6300745398 /* ViewController.m in Sources */,
				01F9FB94148102B400745398 /* VideoPickerController.m in Sources */,
			);
			runOnlyForDeploymentPostprocessing = 0;
		};
/* End PBXSourcesBuildPhase section */

/* Begin PBXTargetDependency section */
		015CBEBC14C6136F0007A2FD /* PBXTargetDependency */ = {
			isa = PBXTargetDependency;
			name = Dailymotion;
			targetProxy = 015CBEBB14C6136F0007A2FD /* PBXContainerItemProxy */;
		};
/* End PBXTargetDependency section */

/* Begin PBXVariantGroup section */
		01F9FB7E1480FB6300745398 /* InfoPlist.strings */ = {
			isa = PBXVariantGroup;
			children = (
				01F9FB7F1480FB6300745398 /* en */,
			);
			name = InfoPlist.strings;
			sourceTree = "<group>";
		};
		01F9FB871480FB6300745398 /* MainStoryboard.storyboard */ = {
			isa = PBXVariantGroup;
			children = (
				01F9FB881480FB6300745398 /* en */,
			);
			name = MainStoryboard.storyboard;
			sourceTree = "<group>";
		};
/* End PBXVariantGroup section */

/* Begin XCBuildConfiguration section */
		01F9FB8D1480FB6300745398 /* Debug */ = {
			isa = XCBuildConfiguration;
			buildSettings = {
				ALWAYS_SEARCH_USER_PATHS = NO;
				ARCHS = "$(ARCHS_STANDARD_32_BIT)";
				CLANG_ENABLE_OBJC_ARC = YES;
				"CODE_SIGN_IDENTITY[sdk=iphoneos*]" = "iPhone Developer";
				COPY_PHASE_STRIP = NO;
				GCC_C_LANGUAGE_STANDARD = gnu99;
				GCC_DYNAMIC_NO_PIC = NO;
				GCC_OPTIMIZATION_LEVEL = 0;
				GCC_PREPROCESSOR_DEFINITIONS = (
					"DEBUG=1",
					"$(inherited)",
				);
				GCC_SYMBOLS_PRIVATE_EXTERN = NO;
				GCC_VERSION = com.apple.compilers.llvm.clang.1_0;
				GCC_WARN_ABOUT_MISSING_PROTOTYPES = YES;
				GCC_WARN_ABOUT_RETURN_TYPE = YES;
				GCC_WARN_UNUSED_VARIABLE = YES;
				IPHONEOS_DEPLOYMENT_TARGET = 5.0;
				SDKROOT = iphoneos;
			};
			name = Debug;
		};
		01F9FB8E1480FB6300745398 /* Release */ = {
			isa = XCBuildConfiguration;
			buildSettings = {
				ALWAYS_SEARCH_USER_PATHS = NO;
				ARCHS = "$(ARCHS_STANDARD_32_BIT)";
				CLANG_ENABLE_OBJC_ARC = YES;
				"CODE_SIGN_IDENTITY[sdk=iphoneos*]" = "iPhone Developer";
				COPY_PHASE_STRIP = YES;
				GCC_C_LANGUAGE_STANDARD = gnu99;
				GCC_VERSION = com.apple.compilers.llvm.clang.1_0;
				GCC_WARN_ABOUT_MISSING_PROTOTYPES = YES;
				GCC_WARN_ABOUT_RETURN_TYPE = YES;
				GCC_WARN_UNUSED_VARIABLE = YES;
				IPHONEOS_DEPLOYMENT_TARGET = 5.0;
				OTHER_CFLAGS = "-DNS_BLOCK_ASSERTIONS=1";
				SDKROOT = iphoneos;
				VALIDATE_PRODUCT = YES;
			};
			name = Release;
		};
		01F9FB901480FB6300745398 /* Debug */ = {
			isa = XCBuildConfiguration;
			buildSettings = {
				GCC_PRECOMPILE_PREFIX_HEADER = YES;
				GCC_PREFIX_HEADER = "klaxpont/klaxpont-Prefix.pch";
				HEADER_SEARCH_PATHS = (
					"/Users/netbe/code/dailymotion-sdk-objc/build",
					"\"$(SRCROOT)/libs\"",
				);
				INFOPLIST_FILE = "klaxpont/klaxpont-Info.plist";
				LIBRARY_SEARCH_PATHS = (
					"/Users/netbe/code/dailymotion-sdk-objc/build",
					"$(inherited)",
					"\"$(SRCROOT)/libs\"",
				);
				PRODUCT_NAME = "$(TARGET_NAME)";
				USER_HEADER_SEARCH_PATHS = "\"$(BUILT_PRODUCTS_DIR)\"";
				WRAPPER_EXTENSION = app;
			};
			name = Debug;
		};
		01F9FB911480FB6300745398 /* Release */ = {
			isa = XCBuildConfiguration;
			buildSettings = {
				GCC_PRECOMPILE_PREFIX_HEADER = YES;
				GCC_PREFIX_HEADER = "klaxpont/klaxpont-Prefix.pch";
				HEADER_SEARCH_PATHS = (
					"/Users/netbe/code/dailymotion-sdk-objc/build",
					"\"$(SRCROOT)/libs\"",
				);
				INFOPLIST_FILE = "klaxpont/klaxpont-Info.plist";
				LIBRARY_SEARCH_PATHS = (
					"/Users/netbe/code/dailymotion-sdk-objc/build",
					"$(inherited)",
					"\"$(SRCROOT)/libs\"",
				);
				PRODUCT_NAME = "$(TARGET_NAME)";
				USER_HEADER_SEARCH_PATHS = "\"$(BUILT_PRODUCTS_DIR)\"";
				WRAPPER_EXTENSION = app;
			};
			name = Release;
		};
/* End XCBuildConfiguration section */

/* Begin XCConfigurationList section */
		01F9FB6B1480FB6300745398 /* Build configuration list for PBXProject "klaxpont" */ = {
			isa = XCConfigurationList;
			buildConfigurations = (
				01F9FB8D1480FB6300745398 /* Debug */,
				01F9FB8E1480FB6300745398 /* Release */,
			);
			defaultConfigurationIsVisible = 0;
			defaultConfigurationName = Release;
		};
		01F9FB8F1480FB6300745398 /* Build configuration list for PBXNativeTarget "klaxpont" */ = {
			isa = XCConfigurationList;
			buildConfigurations = (
				01F9FB901480FB6300745398 /* Debug */,
				01F9FB911480FB6300745398 /* Release */,
			);
			defaultConfigurationIsVisible = 0;
			defaultConfigurationName = Release;
		};
/* End XCConfigurationList section */
	};
	rootObject = 01F9FB681480FB6300745398 /* Project object */;
}
