// !$*UTF8*$!
{
	archiveVersion = 1;
	classes = {
	};
	objectVersion = 46;
	objects = {

/* Begin PBXBuildFile section */
		01045B8214CF90DB00970E6C /* Settings.plist in Resources */ = {isa = PBXBuildFile; fileRef = 01045B8114CF90DB00970E6C /* Settings.plist */; };
		016D0616152A5761001B7D30 /* NSString+Additions.m in Sources */ = {isa = PBXBuildFile; fileRef = 016D0615152A5761001B7D30 /* NSString+Additions.m */; };
		01953F9A14D0A4120001169D /* MBProgressHUD.m in Sources */ = {isa = PBXBuildFile; fileRef = 01953F9914D0A4120001169D /* MBProgressHUD.m */; };
		019E021E1534C461002BC4F2 /* InfoPlist.strings in Resources */ = {isa = PBXBuildFile; fileRef = 019E021F1534C461002BC4F2 /* InfoPlist.strings */; };
		01B0424515F3FFD7004FDE1D /* FacebookSDK.framework in Frameworks */ = {isa = PBXBuildFile; fileRef = 01B0424415F3FFD7004FDE1D /* FacebookSDK.framework */; };
		01B0425415F40025004FDE1D /* libDailymotion.a in Frameworks */ = {isa = PBXBuildFile; fileRef = 01B0424F15F40005004FDE1D /* libDailymotion.a */; };
		01B0425815F40044004FDE1D /* CoreData.framework in Frameworks */ = {isa = PBXBuildFile; fileRef = 01B0425715F40044004FDE1D /* CoreData.framework */; };
		01B0425C15F4009F004FDE1D /* AVFoundation.framework in Frameworks */ = {isa = PBXBuildFile; fileRef = 01B0425B15F4009F004FDE1D /* AVFoundation.framework */; };
		01B0425E15F4014E004FDE1D /* libsqlite3.0.dylib in Frameworks */ = {isa = PBXBuildFile; fileRef = 01B0425D15F4014E004FDE1D /* libsqlite3.0.dylib */; };
		01B0426015F401EE004FDE1D /* CoreMedia.framework in Frameworks */ = {isa = PBXBuildFile; fileRef = 01B0425F15F401EE004FDE1D /* CoreMedia.framework */; };
		01B0426915F40480004FDE1D /* default_thumbnail.jpg in Resources */ = {isa = PBXBuildFile; fileRef = 01B0426715F40480004FDE1D /* default_thumbnail.jpg */; };
		01B0426A15F40480004FDE1D /* klaxon.png in Resources */ = {isa = PBXBuildFile; fileRef = 01B0426815F40480004FDE1D /* klaxon.png */; };
		01B0429415F40503004FDE1D /* AccountViewController.m in Sources */ = {isa = PBXBuildFile; fileRef = 01B0426C15F40500004FDE1D /* AccountViewController.m */; };
		01B0429515F40503004FDE1D /* AccountViewController.xib in Resources */ = {isa = PBXBuildFile; fileRef = 01B0426D15F40500004FDE1D /* AccountViewController.xib */; };
		01B0429615F40503004FDE1D /* AppDelegate.m in Sources */ = {isa = PBXBuildFile; fileRef = 01B0426F15F40500004FDE1D /* AppDelegate.m */; };
		01B0429715F40503004FDE1D /* DatabaseHelper.m in Sources */ = {isa = PBXBuildFile; fileRef = 01B0427115F40500004FDE1D /* DatabaseHelper.m */; };
		01B0429815F40503004FDE1D /* DisclaimerViewController.m in Sources */ = {isa = PBXBuildFile; fileRef = 01B0427315F40501004FDE1D /* DisclaimerViewController.m */; };
		01B0429915F40503004FDE1D /* DisclaimerViewController.xib in Resources */ = {isa = PBXBuildFile; fileRef = 01B0427415F40501004FDE1D /* DisclaimerViewController.xib */; };
		01B0429A15F40503004FDE1D /* EditViewController.m in Sources */ = {isa = PBXBuildFile; fileRef = 01B0427615F40501004FDE1D /* EditViewController.m */; };
		01B0429B15F40503004FDE1D /* EditViewController.xib in Resources */ = {isa = PBXBuildFile; fileRef = 01B0427715F40501004FDE1D /* EditViewController.xib */; };
		01B0429C15F40503004FDE1D /* LoginViewController.m in Sources */ = {isa = PBXBuildFile; fileRef = 01B0427915F40501004FDE1D /* LoginViewController.m */; };
		01B0429D15F40503004FDE1D /* LoginViewController.xib in Resources */ = {isa = PBXBuildFile; fileRef = 01B0427A15F40501004FDE1D /* LoginViewController.xib */; };
		01B0429E15F40503004FDE1D /* MyVideosViewController.m in Sources */ = {isa = PBXBuildFile; fileRef = 01B0427C15F40501004FDE1D /* MyVideosViewController.m */; };
		01B0429F15F40503004FDE1D /* NetworkManager.m in Sources */ = {isa = PBXBuildFile; fileRef = 01B0427E15F40502004FDE1D /* NetworkManager.m */; };
		01B042A015F40503004FDE1D /* RecordViewController.m in Sources */ = {isa = PBXBuildFile; fileRef = 01B0428015F40502004FDE1D /* RecordViewController.m */; };
		01B042A115F40503004FDE1D /* Settings.m in Sources */ = {isa = PBXBuildFile; fileRef = 01B0428215F40502004FDE1D /* Settings.m */; };
		01B042A215F40503004FDE1D /* TopVideosViewController.m in Sources */ = {isa = PBXBuildFile; fileRef = 01B0428415F40502004FDE1D /* TopVideosViewController.m */; };
		01B042A315F40503004FDE1D /* UserHelper.m in Sources */ = {isa = PBXBuildFile; fileRef = 01B0428615F40502004FDE1D /* UserHelper.m */; };
		01B042A415F40503004FDE1D /* Video.m in Sources */ = {isa = PBXBuildFile; fileRef = 01B0428815F40502004FDE1D /* Video.m */; };
		01B042A515F40503004FDE1D /* VideoCell.m in Sources */ = {isa = PBXBuildFile; fileRef = 01B0428A15F40503004FDE1D /* VideoCell.m */; };
		01B042A615F40503004FDE1D /* VideoCell.xib in Resources */ = {isa = PBXBuildFile; fileRef = 01B0428B15F40503004FDE1D /* VideoCell.xib */; };
		01B042A715F40503004FDE1D /* VideoHelper.m in Sources */ = {isa = PBXBuildFile; fileRef = 01B0428D15F40503004FDE1D /* VideoHelper.m */; };
		01B042A815F40503004FDE1D /* VideoPickerController.m in Sources */ = {isa = PBXBuildFile; fileRef = 01B0428F15F40503004FDE1D /* VideoPickerController.m */; };
		01B042A915F40503004FDE1D /* VideoPlayerController.m in Sources */ = {isa = PBXBuildFile; fileRef = 01B0429115F40503004FDE1D /* VideoPlayerController.m */; };
		01B042AA15F40503004FDE1D /* VideosViewController.m in Sources */ = {isa = PBXBuildFile; fileRef = 01B0429315F40503004FDE1D /* VideosViewController.m */; };
		01F972FC1491580100D763EA /* MediaPlayer.framework in Frameworks */ = {isa = PBXBuildFile; fileRef = 01F972FB1491580100D763EA /* MediaPlayer.framework */; };
		01F9FB761480FB6300745398 /* UIKit.framework in Frameworks */ = {isa = PBXBuildFile; fileRef = 01F9FB751480FB6300745398 /* UIKit.framework */; };
		01F9FB781480FB6300745398 /* Foundation.framework in Frameworks */ = {isa = PBXBuildFile; fileRef = 01F9FB771480FB6300745398 /* Foundation.framework */; };
		01F9FB7A1480FB6300745398 /* CoreGraphics.framework in Frameworks */ = {isa = PBXBuildFile; fileRef = 01F9FB791480FB6300745398 /* CoreGraphics.framework */; };
		01F9FB821480FB6300745398 /* main.m in Sources */ = {isa = PBXBuildFile; fileRef = 01F9FB811480FB6300745398 /* main.m */; };
		01F9FB961481039300745398 /* MobileCoreServices.framework in Frameworks */ = {isa = PBXBuildFile; fileRef = 01F9FB951481039300745398 /* MobileCoreServices.framework */; };
/* End PBXBuildFile section */

/* Begin PBXContainerItemProxy section */
		01B0424E15F40005004FDE1D /* PBXContainerItemProxy */ = {
			isa = PBXContainerItemProxy;
			containerPortal = 01B0424615F40005004FDE1D /* Dailymotion SDK iOS.xcodeproj */;
			proxyType = 2;
			remoteGlobalIDString = D2AAC07E0554694100DB518D;
			remoteInfo = Dailymotion;
		};
		01B0425015F40005004FDE1D /* PBXContainerItemProxy */ = {
			isa = PBXContainerItemProxy;
			containerPortal = 01B0424615F40005004FDE1D /* Dailymotion SDK iOS.xcodeproj */;
			proxyType = 2;
			remoteGlobalIDString = 53E273561265BD1C00B541BE;
			remoteInfo = DailymotionTests;
		};
		01B0425215F40020004FDE1D /* PBXContainerItemProxy */ = {
			isa = PBXContainerItemProxy;
			containerPortal = 01B0424615F40005004FDE1D /* Dailymotion SDK iOS.xcodeproj */;
			proxyType = 1;
			remoteGlobalIDString = D2AAC07D0554694100DB518D;
			remoteInfo = Dailymotion;
		};
/* End PBXContainerItemProxy section */

/* Begin PBXFileReference section */
		01045B8114CF90DB00970E6C /* Settings.plist */ = {isa = PBXFileReference; fileEncoding = 4; lastKnownFileType = text.plist.xml; path = Settings.plist; sourceTree = "<group>"; };
		016D0614152A5761001B7D30 /* NSString+Additions.h */ = {isa = PBXFileReference; fileEncoding = 4; lastKnownFileType = sourcecode.c.h; name = "NSString+Additions.h"; path = "helpers/NSString+Additions.h"; sourceTree = SOURCE_ROOT; };
		016D0615152A5761001B7D30 /* NSString+Additions.m */ = {isa = PBXFileReference; fileEncoding = 4; lastKnownFileType = sourcecode.c.objc; name = "NSString+Additions.m"; path = "helpers/NSString+Additions.m"; sourceTree = SOURCE_ROOT; };
		01953F9814D0A4120001169D /* MBProgressHUD.h */ = {isa = PBXFileReference; fileEncoding = 4; lastKnownFileType = sourcecode.c.h; name = MBProgressHUD.h; path = MBProgressHUD/MBProgressHUD.h; sourceTree = SOURCE_ROOT; };
		01953F9914D0A4120001169D /* MBProgressHUD.m */ = {isa = PBXFileReference; fileEncoding = 4; lastKnownFileType = sourcecode.c.objc; name = MBProgressHUD.m; path = MBProgressHUD/MBProgressHUD.m; sourceTree = SOURCE_ROOT; };
		019E021F1534C461002BC4F2 /* InfoPlist.strings */ = {isa = PBXFileReference; lastKnownFileType = text.plist.strings; path = InfoPlist.strings; sourceTree = "<group>"; };
		01B0424415F3FFD7004FDE1D /* FacebookSDK.framework */ = {isa = PBXFileReference; lastKnownFileType = wrapper.framework; path = FacebookSDK.framework; sourceTree = "<group>"; };
		01B0424615F40005004FDE1D /* Dailymotion SDK iOS.xcodeproj */ = {isa = PBXFileReference; lastKnownFileType = "wrapper.pb-project"; name = "Dailymotion SDK iOS.xcodeproj"; path = "dailymotion/Dailymotion SDK iOS.xcodeproj"; sourceTree = SOURCE_ROOT; };
		01B0425715F40044004FDE1D /* CoreData.framework */ = {isa = PBXFileReference; lastKnownFileType = wrapper.framework; name = CoreData.framework; path = System/Library/Frameworks/CoreData.framework; sourceTree = SDKROOT; };
		01B0425B15F4009F004FDE1D /* AVFoundation.framework */ = {isa = PBXFileReference; lastKnownFileType = wrapper.framework; name = AVFoundation.framework; path = System/Library/Frameworks/AVFoundation.framework; sourceTree = SDKROOT; };
		01B0425D15F4014E004FDE1D /* libsqlite3.0.dylib */ = {isa = PBXFileReference; lastKnownFileType = "compiled.mach-o.dylib"; name = libsqlite3.0.dylib; path = usr/lib/libsqlite3.0.dylib; sourceTree = SDKROOT; };
		01B0425F15F401EE004FDE1D /* CoreMedia.framework */ = {isa = PBXFileReference; lastKnownFileType = wrapper.framework; name = CoreMedia.framework; path = System/Library/Frameworks/CoreMedia.framework; sourceTree = SDKROOT; };
		01B0426715F40480004FDE1D /* default_thumbnail.jpg */ = {isa = PBXFileReference; lastKnownFileType = image.jpeg; path = default_thumbnail.jpg; sourceTree = "<group>"; };
		01B0426815F40480004FDE1D /* klaxon.png */ = {isa = PBXFileReference; lastKnownFileType = image.png; path = klaxon.png; sourceTree = "<group>"; };
		01B0426B15F40500004FDE1D /* AccountViewController.h */ = {isa = PBXFileReference; fileEncoding = 4; lastKnownFileType = sourcecode.c.h; name = AccountViewController.h; path = classes/AccountViewController.h; sourceTree = "<group>"; };
		01B0426C15F40500004FDE1D /* AccountViewController.m */ = {isa = PBXFileReference; fileEncoding = 4; lastKnownFileType = sourcecode.c.objc; name = AccountViewController.m; path = classes/AccountViewController.m; sourceTree = "<group>"; };
		01B0426D15F40500004FDE1D /* AccountViewController.xib */ = {isa = PBXFileReference; fileEncoding = 4; lastKnownFileType = file.xib; name = AccountViewController.xib; path = classes/AccountViewController.xib; sourceTree = "<group>"; };
		01B0426E15F40500004FDE1D /* AppDelegate.h */ = {isa = PBXFileReference; fileEncoding = 4; lastKnownFileType = sourcecode.c.h; name = AppDelegate.h; path = classes/AppDelegate.h; sourceTree = "<group>"; };
		01B0426F15F40500004FDE1D /* AppDelegate.m */ = {isa = PBXFileReference; fileEncoding = 4; lastKnownFileType = sourcecode.c.objc; name = AppDelegate.m; path = classes/AppDelegate.m; sourceTree = "<group>"; };
		01B0427015F40500004FDE1D /* DatabaseHelper.h */ = {isa = PBXFileReference; fileEncoding = 4; lastKnownFileType = sourcecode.c.h; name = DatabaseHelper.h; path = classes/DatabaseHelper.h; sourceTree = "<group>"; };
		01B0427115F40500004FDE1D /* DatabaseHelper.m */ = {isa = PBXFileReference; fileEncoding = 4; lastKnownFileType = sourcecode.c.objc; name = DatabaseHelper.m; path = classes/DatabaseHelper.m; sourceTree = "<group>"; };
		01B0427215F40501004FDE1D /* DisclaimerViewController.h */ = {isa = PBXFileReference; fileEncoding = 4; lastKnownFileType = sourcecode.c.h; name = DisclaimerViewController.h; path = classes/DisclaimerViewController.h; sourceTree = "<group>"; };
		01B0427315F40501004FDE1D /* DisclaimerViewController.m */ = {isa = PBXFileReference; fileEncoding = 4; lastKnownFileType = sourcecode.c.objc; name = DisclaimerViewController.m; path = classes/DisclaimerViewController.m; sourceTree = "<group>"; };
		01B0427415F40501004FDE1D /* DisclaimerViewController.xib */ = {isa = PBXFileReference; fileEncoding = 4; lastKnownFileType = file.xib; name = DisclaimerViewController.xib; path = classes/DisclaimerViewController.xib; sourceTree = "<group>"; };
		01B0427515F40501004FDE1D /* EditViewController.h */ = {isa = PBXFileReference; fileEncoding = 4; lastKnownFileType = sourcecode.c.h; name = EditViewController.h; path = classes/EditViewController.h; sourceTree = "<group>"; };
		01B0427615F40501004FDE1D /* EditViewController.m */ = {isa = PBXFileReference; fileEncoding = 4; lastKnownFileType = sourcecode.c.objc; name = EditViewController.m; path = classes/EditViewController.m; sourceTree = "<group>"; };
		01B0427715F40501004FDE1D /* EditViewController.xib */ = {isa = PBXFileReference; fileEncoding = 4; lastKnownFileType = file.xib; name = EditViewController.xib; path = classes/EditViewController.xib; sourceTree = "<group>"; };
		01B0427815F40501004FDE1D /* LoginViewController.h */ = {isa = PBXFileReference; fileEncoding = 4; lastKnownFileType = sourcecode.c.h; name = LoginViewController.h; path = classes/LoginViewController.h; sourceTree = "<group>"; };
		01B0427915F40501004FDE1D /* LoginViewController.m */ = {isa = PBXFileReference; fileEncoding = 4; lastKnownFileType = sourcecode.c.objc; name = LoginViewController.m; path = classes/LoginViewController.m; sourceTree = "<group>"; };
		01B0427A15F40501004FDE1D /* LoginViewController.xib */ = {isa = PBXFileReference; fileEncoding = 4; lastKnownFileType = file.xib; name = LoginViewController.xib; path = classes/LoginViewController.xib; sourceTree = "<group>"; };
		01B0427B15F40501004FDE1D /* MyVideosViewController.h */ = {isa = PBXFileReference; fileEncoding = 4; lastKnownFileType = sourcecode.c.h; name = MyVideosViewController.h; path = classes/MyVideosViewController.h; sourceTree = "<group>"; };
		01B0427C15F40501004FDE1D /* MyVideosViewController.m */ = {isa = PBXFileReference; fileEncoding = 4; lastKnownFileType = sourcecode.c.objc; name = MyVideosViewController.m; path = classes/MyVideosViewController.m; sourceTree = "<group>"; };
		01B0427D15F40501004FDE1D /* NetworkManager.h */ = {isa = PBXFileReference; fileEncoding = 4; lastKnownFileType = sourcecode.c.h; name = NetworkManager.h; path = classes/NetworkManager.h; sourceTree = "<group>"; };
		01B0427E15F40502004FDE1D /* NetworkManager.m */ = {isa = PBXFileReference; fileEncoding = 4; lastKnownFileType = sourcecode.c.objc; name = NetworkManager.m; path = classes/NetworkManager.m; sourceTree = "<group>"; };
		01B0427F15F40502004FDE1D /* RecordViewController.h */ = {isa = PBXFileReference; fileEncoding = 4; lastKnownFileType = sourcecode.c.h; name = RecordViewController.h; path = classes/RecordViewController.h; sourceTree = "<group>"; };
		01B0428015F40502004FDE1D /* RecordViewController.m */ = {isa = PBXFileReference; fileEncoding = 4; lastKnownFileType = sourcecode.c.objc; name = RecordViewController.m; path = classes/RecordViewController.m; sourceTree = "<group>"; };
		01B0428115F40502004FDE1D /* Settings.h */ = {isa = PBXFileReference; fileEncoding = 4; lastKnownFileType = sourcecode.c.h; name = Settings.h; path = classes/Settings.h; sourceTree = "<group>"; };
		01B0428215F40502004FDE1D /* Settings.m */ = {isa = PBXFileReference; fileEncoding = 4; lastKnownFileType = sourcecode.c.objc; name = Settings.m; path = classes/Settings.m; sourceTree = "<group>"; };
		01B0428315F40502004FDE1D /* TopVideosViewController.h */ = {isa = PBXFileReference; fileEncoding = 4; lastKnownFileType = sourcecode.c.h; name = TopVideosViewController.h; path = classes/TopVideosViewController.h; sourceTree = "<group>"; };
		01B0428415F40502004FDE1D /* TopVideosViewController.m */ = {isa = PBXFileReference; fileEncoding = 4; lastKnownFileType = sourcecode.c.objc; name = TopVideosViewController.m; path = classes/TopVideosViewController.m; sourceTree = "<group>"; };
		01B0428515F40502004FDE1D /* UserHelper.h */ = {isa = PBXFileReference; fileEncoding = 4; lastKnownFileType = sourcecode.c.h; name = UserHelper.h; path = classes/UserHelper.h; sourceTree = "<group>"; };
		01B0428615F40502004FDE1D /* UserHelper.m */ = {isa = PBXFileReference; fileEncoding = 4; lastKnownFileType = sourcecode.c.objc; name = UserHelper.m; path = classes/UserHelper.m; sourceTree = "<group>"; };
		01B0428715F40502004FDE1D /* Video.h */ = {isa = PBXFileReference; fileEncoding = 4; lastKnownFileType = sourcecode.c.h; name = Video.h; path = classes/Video.h; sourceTree = "<group>"; };
		01B0428815F40502004FDE1D /* Video.m */ = {isa = PBXFileReference; fileEncoding = 4; lastKnownFileType = sourcecode.c.objc; name = Video.m; path = classes/Video.m; sourceTree = "<group>"; };
		01B0428915F40502004FDE1D /* VideoCell.h */ = {isa = PBXFileReference; fileEncoding = 4; lastKnownFileType = sourcecode.c.h; name = VideoCell.h; path = classes/VideoCell.h; sourceTree = "<group>"; };
		01B0428A15F40503004FDE1D /* VideoCell.m */ = {isa = PBXFileReference; fileEncoding = 4; lastKnownFileType = sourcecode.c.objc; name = VideoCell.m; path = classes/VideoCell.m; sourceTree = "<group>"; };
		01B0428B15F40503004FDE1D /* VideoCell.xib */ = {isa = PBXFileReference; fileEncoding = 4; lastKnownFileType = file.xib; name = VideoCell.xib; path = classes/VideoCell.xib; sourceTree = "<group>"; };
		01B0428C15F40503004FDE1D /* VideoHelper.h */ = {isa = PBXFileReference; fileEncoding = 4; lastKnownFileType = sourcecode.c.h; name = VideoHelper.h; path = classes/VideoHelper.h; sourceTree = "<group>"; };
		01B0428D15F40503004FDE1D /* VideoHelper.m */ = {isa = PBXFileReference; fileEncoding = 4; lastKnownFileType = sourcecode.c.objc; name = VideoHelper.m; path = classes/VideoHelper.m; sourceTree = "<group>"; };
		01B0428E15F40503004FDE1D /* VideoPickerController.h */ = {isa = PBXFileReference; fileEncoding = 4; lastKnownFileType = sourcecode.c.h; name = VideoPickerController.h; path = classes/VideoPickerController.h; sourceTree = "<group>"; };
		01B0428F15F40503004FDE1D /* VideoPickerController.m */ = {isa = PBXFileReference; fileEncoding = 4; lastKnownFileType = sourcecode.c.objc; name = VideoPickerController.m; path = classes/VideoPickerController.m; sourceTree = "<group>"; };
		01B0429015F40503004FDE1D /* VideoPlayerController.h */ = {isa = PBXFileReference; fileEncoding = 4; lastKnownFileType = sourcecode.c.h; name = VideoPlayerController.h; path = classes/VideoPlayerController.h; sourceTree = "<group>"; };
		01B0429115F40503004FDE1D /* VideoPlayerController.m */ = {isa = PBXFileReference; fileEncoding = 4; lastKnownFileType = sourcecode.c.objc; name = VideoPlayerController.m; path = classes/VideoPlayerController.m; sourceTree = "<group>"; };
		01B0429215F40503004FDE1D /* VideosViewController.h */ = {isa = PBXFileReference; fileEncoding = 4; lastKnownFileType = sourcecode.c.h; name = VideosViewController.h; path = classes/VideosViewController.h; sourceTree = "<group>"; };
		01B0429315F40503004FDE1D /* VideosViewController.m */ = {isa = PBXFileReference; fileEncoding = 4; lastKnownFileType = sourcecode.c.objc; name = VideosViewController.m; path = classes/VideosViewController.m; sourceTree = "<group>"; };
		01F972FB1491580100D763EA /* MediaPlayer.framework */ = {isa = PBXFileReference; lastKnownFileType = wrapper.framework; name = MediaPlayer.framework; path = System/Library/Frameworks/MediaPlayer.framework; sourceTree = SDKROOT; };
		01F9FB711480FB6300745398 /* klaxpont.app */ = {isa = PBXFileReference; explicitFileType = wrapper.application; includeInIndex = 0; path = klaxpont.app; sourceTree = BUILT_PRODUCTS_DIR; };
		01F9FB751480FB6300745398 /* UIKit.framework */ = {isa = PBXFileReference; lastKnownFileType = wrapper.framework; name = UIKit.framework; path = System/Library/Frameworks/UIKit.framework; sourceTree = SDKROOT; };
		01F9FB771480FB6300745398 /* Foundation.framework */ = {isa = PBXFileReference; lastKnownFileType = wrapper.framework; name = Foundation.framework; path = System/Library/Frameworks/Foundation.framework; sourceTree = SDKROOT; };
		01F9FB791480FB6300745398 /* CoreGraphics.framework */ = {isa = PBXFileReference; lastKnownFileType = wrapper.framework; name = CoreGraphics.framework; path = System/Library/Frameworks/CoreGraphics.framework; sourceTree = SDKROOT; };
		01F9FB7D1480FB6300745398 /* klaxpont-Info.plist */ = {isa = PBXFileReference; lastKnownFileType = text.plist.xml; path = "klaxpont-Info.plist"; sourceTree = "<group>"; };
		01F9FB811480FB6300745398 /* main.m */ = {isa = PBXFileReference; lastKnownFileType = sourcecode.c.objc; path = main.m; sourceTree = "<group>"; };
		01F9FB831480FB6300745398 /* klaxpont-Prefix.pch */ = {isa = PBXFileReference; lastKnownFileType = sourcecode.c.h; path = "klaxpont-Prefix.pch"; sourceTree = "<group>"; };
		01F9FB951481039300745398 /* MobileCoreServices.framework */ = {isa = PBXFileReference; lastKnownFileType = wrapper.framework; name = MobileCoreServices.framework; path = System/Library/Frameworks/MobileCoreServices.framework; sourceTree = SDKROOT; };
/* End PBXFileReference section */

/* Begin PBXFrameworksBuildPhase section */
		01F9FB6E1480FB6300745398 /* Frameworks */ = {
			isa = PBXFrameworksBuildPhase;
			buildActionMask = 2147483647;
			files = (
				01B0426015F401EE004FDE1D /* CoreMedia.framework in Frameworks */,
				01B0425E15F4014E004FDE1D /* libsqlite3.0.dylib in Frameworks */,
				01B0425C15F4009F004FDE1D /* AVFoundation.framework in Frameworks */,
				01B0425815F40044004FDE1D /* CoreData.framework in Frameworks */,
				01B0425415F40025004FDE1D /* libDailymotion.a in Frameworks */,
				01F972FC1491580100D763EA /* MediaPlayer.framework in Frameworks */,
				01F9FB961481039300745398 /* MobileCoreServices.framework in Frameworks */,
				01F9FB761480FB6300745398 /* UIKit.framework in Frameworks */,
				01F9FB781480FB6300745398 /* Foundation.framework in Frameworks */,
				01F9FB7A1480FB6300745398 /* CoreGraphics.framework in Frameworks */,
				01B0424515F3FFD7004FDE1D /* FacebookSDK.framework in Frameworks */,
			);
			runOnlyForDeploymentPostprocessing = 0;
		};
/* End PBXFrameworksBuildPhase section */

/* Begin PBXGroup section */
		01045B4014CF7ABC00970E6C /* MBProgressHUD */ = {
			isa = PBXGroup;
			children = (
				01953F9814D0A4120001169D /* MBProgressHUD.h */,
				01953F9914D0A4120001169D /* MBProgressHUD.m */,
			);
			name = MBProgressHUD;
			path = libs/MBProgressHUD;
			sourceTree = "<group>";
		};
		016D0613152A5643001B7D30 /* Helpers */ = {
			isa = PBXGroup;
			children = (
				016D0614152A5761001B7D30 /* NSString+Additions.h */,
				016D0615152A5761001B7D30 /* NSString+Additions.m */,
			);
			name = Helpers;
			path = klaxpont;
			sourceTree = "<group>";
		};
		01B0423F15F3FDE7004FDE1D /* ViewControllers */ = {
			isa = PBXGroup;
			children = (
				01B0426B15F40500004FDE1D /* AccountViewController.h */,
				01B0426C15F40500004FDE1D /* AccountViewController.m */,
				01B0426D15F40500004FDE1D /* AccountViewController.xib */,
				01B0427215F40501004FDE1D /* DisclaimerViewController.h */,
				01B0427315F40501004FDE1D /* DisclaimerViewController.m */,
				01B0427415F40501004FDE1D /* DisclaimerViewController.xib */,
				01B0427515F40501004FDE1D /* EditViewController.h */,
				01B0427615F40501004FDE1D /* EditViewController.m */,
				01B0427715F40501004FDE1D /* EditViewController.xib */,
				01B0427815F40501004FDE1D /* LoginViewController.h */,
				01B0427915F40501004FDE1D /* LoginViewController.m */,
				01B0427A15F40501004FDE1D /* LoginViewController.xib */,
				01B0427B15F40501004FDE1D /* MyVideosViewController.h */,
				01B0427C15F40501004FDE1D /* MyVideosViewController.m */,
				01B0427F15F40502004FDE1D /* RecordViewController.h */,
				01B0428015F40502004FDE1D /* RecordViewController.m */,
				01B0428315F40502004FDE1D /* TopVideosViewController.h */,
				01B0428415F40502004FDE1D /* TopVideosViewController.m */,
				01B0428E15F40503004FDE1D /* VideoPickerController.h */,
				01B0428F15F40503004FDE1D /* VideoPickerController.m */,
				01B0429015F40503004FDE1D /* VideoPlayerController.h */,
				01B0429115F40503004FDE1D /* VideoPlayerController.m */,
				01B0429215F40503004FDE1D /* VideosViewController.h */,
				01B0429315F40503004FDE1D /* VideosViewController.m */,
			);
			name = ViewControllers;
			sourceTree = "<group>";
		};
		01B0424015F3FDF6004FDE1D /* Models */ = {
			isa = PBXGroup;
			children = (
				01B0428715F40502004FDE1D /* Video.h */,
				01B0428815F40502004FDE1D /* Video.m */,
			);
			name = Models;
			sourceTree = "<group>";
		};
		01B0424115F3FDFF004FDE1D /* Views */ = {
			isa = PBXGroup;
			children = (
				01B0428915F40502004FDE1D /* VideoCell.h */,
				01B0428A15F40503004FDE1D /* VideoCell.m */,
				01B0428B15F40503004FDE1D /* VideoCell.xib */,
			);
			name = Views;
			sourceTree = "<group>";
		};
		01B0424215F3FE05004FDE1D /* Singletons */ = {
			isa = PBXGroup;
			children = (
				01B0427D15F40501004FDE1D /* NetworkManager.h */,
				01B0427E15F40502004FDE1D /* NetworkManager.m */,
				01B0428515F40502004FDE1D /* UserHelper.h */,
				01B0428615F40502004FDE1D /* UserHelper.m */,
			);
			name = Singletons;
			sourceTree = "<group>";
		};
		01B0424315F3FE1F004FDE1D /* Helpers */ = {
			isa = PBXGroup;
			children = (
				01B0427015F40500004FDE1D /* DatabaseHelper.h */,
				01B0427115F40500004FDE1D /* DatabaseHelper.m */,
				01B0428115F40502004FDE1D /* Settings.h */,
				01B0428215F40502004FDE1D /* Settings.m */,
				01B0428C15F40503004FDE1D /* VideoHelper.h */,
				01B0428D15F40503004FDE1D /* VideoHelper.m */,
			);
			name = Helpers;
			sourceTree = "<group>";
		};
		01B0424715F40005004FDE1D /* Products */ = {
			isa = PBXGroup;
			children = (
				01B0424F15F40005004FDE1D /* libDailymotion.a */,
				01B0425115F40005004FDE1D /* Tests.octest */,
			);
			name = Products;
			sourceTree = "<group>";
		};
		01B0426115F40233004FDE1D /* Dailymotion */ = {
			isa = PBXGroup;
			children = (
				01B0424615F40005004FDE1D /* Dailymotion SDK iOS.xcodeproj */,
			);
			name = Dailymotion;
			sourceTree = "<group>";
		};
		01B0426515F40480004FDE1D /* resources */ = {
			isa = PBXGroup;
			children = (
				01B0426615F40480004FDE1D /* images */,
			);
			path = resources;
			sourceTree = "<group>";
		};
		01B0426615F40480004FDE1D /* images */ = {
			isa = PBXGroup;
			children = (
				01B0426715F40480004FDE1D /* default_thumbnail.jpg */,
				01B0426815F40480004FDE1D /* klaxon.png */,
			);
			path = images;
			sourceTree = "<group>";
		};
		01F9FB661480FB6300745398 = {
			isa = PBXGroup;
			children = (
				01B0426115F40233004FDE1D /* Dailymotion */,
				016D0613152A5643001B7D30 /* Helpers */,
				01045B4014CF7ABC00970E6C /* MBProgressHUD */,
				01F9FB7B1480FB6300745398 /* klaxpont */,
				01F9FB741480FB6300745398 /* Frameworks */,
				01F9FB721480FB6300745398 /* Products */,
			);
			sourceTree = "<group>";
		};
		01F9FB721480FB6300745398 /* Products */ = {
			isa = PBXGroup;
			children = (
				01F9FB711480FB6300745398 /* klaxpont.app */,
			);
			name = Products;
			sourceTree = "<group>";
		};
		01F9FB741480FB6300745398 /* Frameworks */ = {
			isa = PBXGroup;
			children = (
				01B0425F15F401EE004FDE1D /* CoreMedia.framework */,
				01B0425D15F4014E004FDE1D /* libsqlite3.0.dylib */,
				01B0425B15F4009F004FDE1D /* AVFoundation.framework */,
				01B0425715F40044004FDE1D /* CoreData.framework */,
				01B0424415F3FFD7004FDE1D /* FacebookSDK.framework */,
				01F972FB1491580100D763EA /* MediaPlayer.framework */,
				01F9FB951481039300745398 /* MobileCoreServices.framework */,
				01F9FB751480FB6300745398 /* UIKit.framework */,
				01F9FB771480FB6300745398 /* Foundation.framework */,
				01F9FB791480FB6300745398 /* CoreGraphics.framework */,
			);
			name = Frameworks;
			sourceTree = "<group>";
		};
		01F9FB7B1480FB6300745398 /* klaxpont */ = {
			isa = PBXGroup;
			children = (
				01B0426515F40480004FDE1D /* resources */,
				01F9FB97148104E100745398 /* Classes */,
				01F9FB7C1480FB6300745398 /* Supporting Files */,
			);
			path = klaxpont;
			sourceTree = "<group>";
		};
		01F9FB7C1480FB6300745398 /* Supporting Files */ = {
			isa = PBXGroup;
			children = (
				01F9FB7D1480FB6300745398 /* klaxpont-Info.plist */,
				01F9FB811480FB6300745398 /* main.m */,
				01F9FB831480FB6300745398 /* klaxpont-Prefix.pch */,
				019E021F1534C461002BC4F2 /* InfoPlist.strings */,
				01045B8114CF90DB00970E6C /* Settings.plist */,
			);
			name = "Supporting Files";
			sourceTree = "<group>";
		};
		01F9FB97148104E100745398 /* Classes */ = {
			isa = PBXGroup;
			children = (
				01B0426E15F40500004FDE1D /* AppDelegate.h */,
				01B0426F15F40500004FDE1D /* AppDelegate.m */,
				01B0424315F3FE1F004FDE1D /* Helpers */,
				01B0424215F3FE05004FDE1D /* Singletons */,
				01B0424115F3FDFF004FDE1D /* Views */,
				01B0424015F3FDF6004FDE1D /* Models */,
				01B0423F15F3FDE7004FDE1D /* ViewControllers */,
			);
			name = Classes;
			sourceTree = "<group>";
		};
/* End PBXGroup section */

/* Begin PBXNativeTarget section */
		01F9FB701480FB6300745398 /* klaxpont */ = {
			isa = PBXNativeTarget;
			buildConfigurationList = 01F9FB8F1480FB6300745398 /* Build configuration list for PBXNativeTarget "klaxpont" */;
			buildPhases = (
				01F9FB6D1480FB6300745398 /* Sources */,
				01F9FB6E1480FB6300745398 /* Frameworks */,
				01F9FB6F1480FB6300745398 /* Resources */,
			);
			buildRules = (
			);
			dependencies = (
				01B0425315F40020004FDE1D /* PBXTargetDependency */,
			);
			name = klaxpont;
			productName = klaxpont;
			productReference = 01F9FB711480FB6300745398 /* klaxpont.app */;
			productType = "com.apple.product-type.application";
		};
/* End PBXNativeTarget section */

/* Begin PBXProject section */
		01F9FB681480FB6300745398 /* Project object */ = {
			isa = PBXProject;
			attributes = {
				LastUpgradeCheck = 0430;
			};
			buildConfigurationList = 01F9FB6B1480FB6300745398 /* Build configuration list for PBXProject "klaxpont" */;
			compatibilityVersion = "Xcode 3.2";
			developmentRegion = English;
			hasScannedForEncodings = 0;
			knownRegions = (
				en,
			);
			mainGroup = 01F9FB661480FB6300745398;
			productRefGroup = 01F9FB721480FB6300745398 /* Products */;
			projectDirPath = "";
			projectReferences = (
				{
					ProductGroup = 01B0424715F40005004FDE1D /* Products */;
					ProjectRef = 01B0424615F40005004FDE1D /* Dailymotion SDK iOS.xcodeproj */;
				},
			);
			projectRoot = "";
			targets = (
				01F9FB701480FB6300745398 /* klaxpont */,
			);
		};
/* End PBXProject section */

/* Begin PBXReferenceProxy section */
		01B0424F15F40005004FDE1D /* libDailymotion.a */ = {
			isa = PBXReferenceProxy;
			fileType = archive.ar;
			path = libDailymotion.a;
			remoteRef = 01B0424E15F40005004FDE1D /* PBXContainerItemProxy */;
			sourceTree = BUILT_PRODUCTS_DIR;
		};
		01B0425115F40005004FDE1D /* Tests.octest */ = {
			isa = PBXReferenceProxy;
			fileType = wrapper.cfbundle;
			path = Tests.octest;
			remoteRef = 01B0425015F40005004FDE1D /* PBXContainerItemProxy */;
			sourceTree = BUILT_PRODUCTS_DIR;
		};
/* End PBXReferenceProxy section */

/* Begin PBXResourcesBuildPhase section */
		01F9FB6F1480FB6300745398 /* Resources */ = {
			isa = PBXResourcesBuildPhase;
			buildActionMask = 2147483647;
			files = (
				01045B8214CF90DB00970E6C /* Settings.plist in Resources */,
				019E021E1534C461002BC4F2 /* InfoPlist.strings in Resources */,
				01B0426915F40480004FDE1D /* default_thumbnail.jpg in Resources */,
				01B0426A15F40480004FDE1D /* klaxon.png in Resources */,
				01B0429515F40503004FDE1D /* AccountViewController.xib in Resources */,
				01B0429915F40503004FDE1D /* DisclaimerViewController.xib in Resources */,
				01B0429B15F40503004FDE1D /* EditViewController.xib in Resources */,
				01B0429D15F40503004FDE1D /* LoginViewController.xib in Resources */,
				01B042A615F40503004FDE1D /* VideoCell.xib in Resources */,
			);
			runOnlyForDeploymentPostprocessing = 0;
		};
/* End PBXResourcesBuildPhase section */

/* Begin PBXSourcesBuildPhase section */
		01F9FB6D1480FB6300745398 /* Sources */ = {
			isa = PBXSourcesBuildPhase;
			buildActionMask = 2147483647;
			files = (
				01F9FB821480FB6300745398 /* main.m in Sources */,
				01953F9A14D0A4120001169D /* MBProgressHUD.m in Sources */,
				016D0616152A5761001B7D30 /* NSString+Additions.m in Sources */,
				01B0429415F40503004FDE1D /* AccountViewController.m in Sources */,
				01B0429615F40503004FDE1D /* AppDelegate.m in Sources */,
				01B0429715F40503004FDE1D /* DatabaseHelper.m in Sources */,
				01B0429815F40503004FDE1D /* DisclaimerViewController.m in Sources */,
				01B0429A15F40503004FDE1D /* EditViewController.m in Sources */,
				01B0429C15F40503004FDE1D /* LoginViewController.m in Sources */,
				01B0429E15F40503004FDE1D /* MyVideosViewController.m in Sources */,
				01B0429F15F40503004FDE1D /* NetworkManager.m in Sources */,
				01B042A015F40503004FDE1D /* RecordViewController.m in Sources */,
				01B042A115F40503004FDE1D /* Settings.m in Sources */,
				01B042A215F40503004FDE1D /* TopVideosViewController.m in Sources */,
				01B042A315F40503004FDE1D /* UserHelper.m in Sources */,
				01B042A415F40503004FDE1D /* Video.m in Sources */,
				01B042A515F40503004FDE1D /* VideoCell.m in Sources */,
				01B042A715F40503004FDE1D /* VideoHelper.m in Sources */,
				01B042A815F40503004FDE1D /* VideoPickerController.m in Sources */,
				01B042A915F40503004FDE1D /* VideoPlayerController.m in Sources */,
				01B042AA15F40503004FDE1D /* VideosViewController.m in Sources */,
			);
			runOnlyForDeploymentPostprocessing = 0;
		};
/* End PBXSourcesBuildPhase section */

/* Begin PBXTargetDependency section */
		01B0425315F40020004FDE1D /* PBXTargetDependency */ = {
			isa = PBXTargetDependency;
			name = Dailymotion;
			targetProxy = 01B0425215F40020004FDE1D /* PBXContainerItemProxy */;
		};
/* End PBXTargetDependency section */

/* Begin XCBuildConfiguration section */
		01F9FB8D1480FB6300745398 /* Debug */ = {
			isa = XCBuildConfiguration;
			buildSettings = {
				ALWAYS_SEARCH_USER_PATHS = NO;
				ARCHS = "$(ARCHS_STANDARD_32_BIT)";
				CLANG_ENABLE_OBJC_ARC = YES;
				"CODE_SIGN_IDENTITY[sdk=iphoneos*]" = "iPhone Developer";
				COPY_PHASE_STRIP = NO;
				GCC_C_LANGUAGE_STANDARD = gnu99;
				GCC_DYNAMIC_NO_PIC = NO;
				GCC_OPTIMIZATION_LEVEL = 0;
				GCC_PREPROCESSOR_DEFINITIONS = (
					"DEBUG=1",
					"$(inherited)",
				);
				GCC_SYMBOLS_PRIVATE_EXTERN = NO;
				GCC_VERSION = com.apple.compilers.llvm.clang.1_0;
				GCC_WARN_ABOUT_MISSING_PROTOTYPES = YES;
				GCC_WARN_ABOUT_RETURN_TYPE = YES;
				GCC_WARN_UNUSED_VARIABLE = YES;
				IPHONEOS_DEPLOYMENT_TARGET = 5.0;
				SDKROOT = iphoneos;
			};
			name = Debug;
		};
		01F9FB8E1480FB6300745398 /* Release */ = {
			isa = XCBuildConfiguration;
			buildSettings = {
				ALWAYS_SEARCH_USER_PATHS = NO;
				ARCHS = "$(ARCHS_STANDARD_32_BIT)";
				CLANG_ENABLE_OBJC_ARC = YES;
				"CODE_SIGN_IDENTITY[sdk=iphoneos*]" = "iPhone Developer";
				COPY_PHASE_STRIP = YES;
				GCC_C_LANGUAGE_STANDARD = gnu99;
				GCC_VERSION = com.apple.compilers.llvm.clang.1_0;
				GCC_WARN_ABOUT_MISSING_PROTOTYPES = YES;
				GCC_WARN_ABOUT_RETURN_TYPE = YES;
				GCC_WARN_UNUSED_VARIABLE = YES;
				IPHONEOS_DEPLOYMENT_TARGET = 5.0;
				OTHER_CFLAGS = "-DNS_BLOCK_ASSERTIONS=1";
				SDKROOT = iphoneos;
				VALIDATE_PRODUCT = YES;
			};
			name = Release;
		};
		01F9FB901480FB6300745398 /* Debug */ = {
			isa = XCBuildConfiguration;
			buildSettings = {
				FRAMEWORK_SEARCH_PATHS = (
					"$(inherited)",
					"\"$(SRCROOT)\"",
				);
				GCC_PRECOMPILE_PREFIX_HEADER = YES;
				GCC_PREFIX_HEADER = "klaxpont/klaxpont-Prefix.pch";
				HEADER_SEARCH_PATHS = (
					"\"$(SRCROOT)/dailymotion\"",
					"\"$(SRCROOT)/facebook\"/**",
				);
				INFOPLIST_FILE = "klaxpont/klaxpont-Info.plist";
				LIBRARY_SEARCH_PATHS = "$(inherited)";
				PRODUCT_NAME = "$(TARGET_NAME)";
				USER_HEADER_SEARCH_PATHS = "\"$(BUILT_PRODUCTS_DIR)\"";
				WRAPPER_EXTENSION = app;
			};
			name = Debug;
		};
		01F9FB911480FB6300745398 /* Release */ = {
			isa = XCBuildConfiguration;
			buildSettings = {
				FRAMEWORK_SEARCH_PATHS = (
					"$(inherited)",
					"\"$(SRCROOT)\"",
				);
				GCC_PRECOMPILE_PREFIX_HEADER = YES;
				GCC_PREFIX_HEADER = "klaxpont/klaxpont-Prefix.pch";
				HEADER_SEARCH_PATHS = (
					"\"$(SRCROOT)/dailymotion\"",
					"\"$(SRCROOT)/facebook\"/**",
				);
				INFOPLIST_FILE = "klaxpont/klaxpont-Info.plist";
				LIBRARY_SEARCH_PATHS = "$(inherited)";
				PRODUCT_NAME = "$(TARGET_NAME)";
				USER_HEADER_SEARCH_PATHS = "\"$(BUILT_PRODUCTS_DIR)\"";
				WRAPPER_EXTENSION = app;
			};
			name = Release;
		};
/* End XCBuildConfiguration section */

/* Begin XCConfigurationList section */
		01F9FB6B1480FB6300745398 /* Build configuration list for PBXProject "klaxpont" */ = {
			isa = XCConfigurationList;
			buildConfigurations = (
				01F9FB8D1480FB6300745398 /* Debug */,
				01F9FB8E1480FB6300745398 /* Release */,
			);
			defaultConfigurationIsVisible = 0;
			defaultConfigurationName = Release;
		};
		01F9FB8F1480FB6300745398 /* Build configuration list for PBXNativeTarget "klaxpont" */ = {
			isa = XCConfigurationList;
			buildConfigurations = (
				01F9FB901480FB6300745398 /* Debug */,
				01F9FB911480FB6300745398 /* Release */,
			);
			defaultConfigurationIsVisible = 0;
			defaultConfigurationName = Release;
		};
/* End XCConfigurationList section */
	};
	rootObject = 01F9FB681480FB6300745398 /* Project object */;
}
