// !$*UTF8*$!
{
	archiveVersion = 1;
	classes = {
	};
	objectVersion = 46;
	objects = {

/* Begin PBXBuildFile section */
		01045B8214CF90DB00970E6C /* Settings.plist in Resources */ = {isa = PBXBuildFile; fileRef = 01045B8114CF90DB00970E6C /* Settings.plist */; };
		016D0616152A5761001B7D30 /* NSString+Additions.m in Sources */ = {isa = PBXBuildFile; fileRef = 016D0615152A5761001B7D30 /* NSString+Additions.m */; };
		017E42EB14CF9B2F00B47B4C /* libDailymotion.a in Frameworks */ = {isa = PBXBuildFile; fileRef = 017E42E614CF9B1C00B47B4C /* libDailymotion.a */; };
		01953F9A14D0A4120001169D /* MBProgressHUD.m in Sources */ = {isa = PBXBuildFile; fileRef = 01953F9914D0A4120001169D /* MBProgressHUD.m */; };
		019E021E1534C461002BC4F2 /* InfoPlist.strings in Resources */ = {isa = PBXBuildFile; fileRef = 019E021F1534C461002BC4F2 /* InfoPlist.strings */; };
		01F972FC1491580100D763EA /* MediaPlayer.framework in Frameworks */ = {isa = PBXBuildFile; fileRef = 01F972FB1491580100D763EA /* MediaPlayer.framework */; };
		01F9FB761480FB6300745398 /* UIKit.framework in Frameworks */ = {isa = PBXBuildFile; fileRef = 01F9FB751480FB6300745398 /* UIKit.framework */; };
		01F9FB781480FB6300745398 /* Foundation.framework in Frameworks */ = {isa = PBXBuildFile; fileRef = 01F9FB771480FB6300745398 /* Foundation.framework */; };
		01F9FB7A1480FB6300745398 /* CoreGraphics.framework in Frameworks */ = {isa = PBXBuildFile; fileRef = 01F9FB791480FB6300745398 /* CoreGraphics.framework */; };
		01F9FB821480FB6300745398 /* main.m in Sources */ = {isa = PBXBuildFile; fileRef = 01F9FB811480FB6300745398 /* main.m */; };
		01F9FB861480FB6300745398 /* AppDelegate.m in Sources */ = {isa = PBXBuildFile; fileRef = 01F9FB851480FB6300745398 /* AppDelegate.m */; };
		01F9FB961481039300745398 /* MobileCoreServices.framework in Frameworks */ = {isa = PBXBuildFile; fileRef = 01F9FB951481039300745398 /* MobileCoreServices.framework */; };
		093D00B515DD567B00518A9D /* VideoPickerController.m in Sources */ = {isa = PBXBuildFile; fileRef = 01F9FB93148102B400745398 /* VideoPickerController.m */; };
		0950760715DD3F3200D6299C /* DisclaimerViewController.m in Sources */ = {isa = PBXBuildFile; fileRef = 0950760515DD3F3200D6299C /* DisclaimerViewController.m */; };
		0950760815DD3F3200D6299C /* DisclaimerViewController.xib in Resources */ = {isa = PBXBuildFile; fileRef = 0950760615DD3F3200D6299C /* DisclaimerViewController.xib */; };
		09C2FCDD15DCFF9B00F01096 /* FacebookSDK.framework in Frameworks */ = {isa = PBXBuildFile; fileRef = 09C2FCDC15DCFF9B00F01096 /* FacebookSDK.framework */; };
		09C2FD4C15DD2B7100F01096 /* RecordViewController.m in Sources */ = {isa = PBXBuildFile; fileRef = 09C2FD4B15DD2B7100F01096 /* RecordViewController.m */; };
		09C2FD5015DD305700F01096 /* MyVideosViewController.m in Sources */ = {isa = PBXBuildFile; fileRef = 09C2FD4F15DD305700F01096 /* MyVideosViewController.m */; };
		09C2FD5315DD308000F01096 /* TopVideosViewController.m in Sources */ = {isa = PBXBuildFile; fileRef = 09C2FD5215DD308000F01096 /* TopVideosViewController.m */; };
		09C2FD5415DD316C00F01096 /* AccountViewController.m in Sources */ = {isa = PBXBuildFile; fileRef = 010FF6E615325AA4007A9998 /* AccountViewController.m */; };
		09C2FD5515DD318200F01096 /* UserHelper.m in Sources */ = {isa = PBXBuildFile; fileRef = 019E02211534CD95002BC4F2 /* UserHelper.m */; };
		09C2FD5615DD31B300F01096 /* AccountViewController.xib in Resources */ = {isa = PBXBuildFile; fileRef = 09C2FD0415DD240400F01096 /* AccountViewController.xib */; };
		09C2FD5815DD361200F01096 /* klaxon.png in Resources */ = {isa = PBXBuildFile; fileRef = 09C2FD5715DD361200F01096 /* klaxon.png */; };
/* End PBXBuildFile section */

/* Begin PBXContainerItemProxy section */
		017E42E514CF9B1C00B47B4C /* PBXContainerItemProxy */ = {
			isa = PBXContainerItemProxy;
			containerPortal = 01045B3414CF7A9B00970E6C /* iOS.xcodeproj */;
			proxyType = 2;
			remoteGlobalIDString = D2AAC07E0554694100DB518D;
			remoteInfo = Dailymotion;
		};
		017E42E714CF9B1C00B47B4C /* PBXContainerItemProxy */ = {
			isa = PBXContainerItemProxy;
			containerPortal = 01045B3414CF7A9B00970E6C /* iOS.xcodeproj */;
			proxyType = 2;
			remoteGlobalIDString = 53E273561265BD1C00B541BE;
			remoteInfo = DailymotionTests;
		};
		017E42E914CF9B2800B47B4C /* PBXContainerItemProxy */ = {
			isa = PBXContainerItemProxy;
			containerPortal = 01045B3414CF7A9B00970E6C /* iOS.xcodeproj */;
			proxyType = 1;
			remoteGlobalIDString = D2AAC07D0554694100DB518D;
			remoteInfo = Dailymotion;
		};
/* End PBXContainerItemProxy section */

/* Begin PBXFileReference section */
		01045B3414CF7A9B00970E6C /* iOS.xcodeproj */ = {isa = PBXFileReference; lastKnownFileType = "wrapper.pb-project"; name = iOS.xcodeproj; path = dailymotion/iOS.xcodeproj; sourceTree = "<group>"; };
		01045B8114CF90DB00970E6C /* Settings.plist */ = {isa = PBXFileReference; fileEncoding = 4; lastKnownFileType = text.plist.xml; path = Settings.plist; sourceTree = "<group>"; };
		010FF6E515325AA3007A9998 /* AccountViewController.h */ = {isa = PBXFileReference; fileEncoding = 4; lastKnownFileType = sourcecode.c.h; path = AccountViewController.h; sourceTree = "<group>"; };
		010FF6E615325AA4007A9998 /* AccountViewController.m */ = {isa = PBXFileReference; fileEncoding = 4; lastKnownFileType = sourcecode.c.objc; path = AccountViewController.m; sourceTree = "<group>"; };
		016D0614152A5761001B7D30 /* NSString+Additions.h */ = {isa = PBXFileReference; fileEncoding = 4; lastKnownFileType = sourcecode.c.h; name = "NSString+Additions.h"; path = "helpers/NSString+Additions.h"; sourceTree = SOURCE_ROOT; };
		016D0615152A5761001B7D30 /* NSString+Additions.m */ = {isa = PBXFileReference; fileEncoding = 4; lastKnownFileType = sourcecode.c.objc; name = "NSString+Additions.m"; path = "helpers/NSString+Additions.m"; sourceTree = SOURCE_ROOT; };
		01953F9814D0A4120001169D /* MBProgressHUD.h */ = {isa = PBXFileReference; fileEncoding = 4; lastKnownFileType = sourcecode.c.h; name = MBProgressHUD.h; path = MBProgressHUD/MBProgressHUD.h; sourceTree = SOURCE_ROOT; };
		01953F9914D0A4120001169D /* MBProgressHUD.m */ = {isa = PBXFileReference; fileEncoding = 4; lastKnownFileType = sourcecode.c.objc; name = MBProgressHUD.m; path = MBProgressHUD/MBProgressHUD.m; sourceTree = SOURCE_ROOT; };
		019E021F1534C461002BC4F2 /* InfoPlist.strings */ = {isa = PBXFileReference; lastKnownFileType = text.plist.strings; path = InfoPlist.strings; sourceTree = "<group>"; };
		019E02201534CD95002BC4F2 /* UserHelper.h */ = {isa = PBXFileReference; fileEncoding = 4; lastKnownFileType = sourcecode.c.h; path = UserHelper.h; sourceTree = "<group>"; };
		019E02211534CD95002BC4F2 /* UserHelper.m */ = {isa = PBXFileReference; fileEncoding = 4; lastKnownFileType = sourcecode.c.objc; path = UserHelper.m; sourceTree = "<group>"; };
		01A6F148152BA57F00C1778F /* Settings.h */ = {isa = PBXFileReference; fileEncoding = 4; lastKnownFileType = sourcecode.c.h; path = Settings.h; sourceTree = "<group>"; };
		01A6F149152BA57F00C1778F /* Settings.m */ = {isa = PBXFileReference; fileEncoding = 4; lastKnownFileType = sourcecode.c.objc; path = Settings.m; sourceTree = "<group>"; };
		01F972FB1491580100D763EA /* MediaPlayer.framework */ = {isa = PBXFileReference; lastKnownFileType = wrapper.framework; name = MediaPlayer.framework; path = System/Library/Frameworks/MediaPlayer.framework; sourceTree = SDKROOT; };
		01F9FB711480FB6300745398 /* klaxpont.app */ = {isa = PBXFileReference; explicitFileType = wrapper.application; includeInIndex = 0; path = klaxpont.app; sourceTree = BUILT_PRODUCTS_DIR; };
		01F9FB751480FB6300745398 /* UIKit.framework */ = {isa = PBXFileReference; lastKnownFileType = wrapper.framework; name = UIKit.framework; path = System/Library/Frameworks/UIKit.framework; sourceTree = SDKROOT; };
		01F9FB771480FB6300745398 /* Foundation.framework */ = {isa = PBXFileReference; lastKnownFileType = wrapper.framework; name = Foundation.framework; path = System/Library/Frameworks/Foundation.framework; sourceTree = SDKROOT; };
		01F9FB791480FB6300745398 /* CoreGraphics.framework */ = {isa = PBXFileReference; lastKnownFileType = wrapper.framework; name = CoreGraphics.framework; path = System/Library/Frameworks/CoreGraphics.framework; sourceTree = SDKROOT; };
		01F9FB7D1480FB6300745398 /* klaxpont-Info.plist */ = {isa = PBXFileReference; lastKnownFileType = text.plist.xml; path = "klaxpont-Info.plist"; sourceTree = "<group>"; };
		01F9FB811480FB6300745398 /* main.m */ = {isa = PBXFileReference; lastKnownFileType = sourcecode.c.objc; path = main.m; sourceTree = "<group>"; };
		01F9FB831480FB6300745398 /* klaxpont-Prefix.pch */ = {isa = PBXFileReference; lastKnownFileType = sourcecode.c.h; path = "klaxpont-Prefix.pch"; sourceTree = "<group>"; };
		01F9FB841480FB6300745398 /* AppDelegate.h */ = {isa = PBXFileReference; lastKnownFileType = sourcecode.c.h; path = AppDelegate.h; sourceTree = "<group>"; };
		01F9FB851480FB6300745398 /* AppDelegate.m */ = {isa = PBXFileReference; lastKnownFileType = sourcecode.c.objc; path = AppDelegate.m; sourceTree = "<group>"; };
		01F9FB8A1480FB6300745398 /* ViewController.h */ = {isa = PBXFileReference; lastKnownFileType = sourcecode.c.h; path = ViewController.h; sourceTree = "<group>"; };
		01F9FB8B1480FB6300745398 /* ViewController.m */ = {isa = PBXFileReference; lastKnownFileType = sourcecode.c.objc; path = ViewController.m; sourceTree = "<group>"; };
		01F9FB92148102B400745398 /* VideoPickerController.h */ = {isa = PBXFileReference; fileEncoding = 4; lastKnownFileType = sourcecode.c.h; path = VideoPickerController.h; sourceTree = "<group>"; };
		01F9FB93148102B400745398 /* VideoPickerController.m */ = {isa = PBXFileReference; fileEncoding = 4; lastKnownFileType = sourcecode.c.objc; path = VideoPickerController.m; sourceTree = "<group>"; };
		01F9FB951481039300745398 /* MobileCoreServices.framework */ = {isa = PBXFileReference; lastKnownFileType = wrapper.framework; name = MobileCoreServices.framework; path = System/Library/Frameworks/MobileCoreServices.framework; sourceTree = SDKROOT; };
		0950760415DD3F3200D6299C /* DisclaimerViewController.h */ = {isa = PBXFileReference; fileEncoding = 4; lastKnownFileType = sourcecode.c.h; path = DisclaimerViewController.h; sourceTree = "<group>"; };
		0950760515DD3F3200D6299C /* DisclaimerViewController.m */ = {isa = PBXFileReference; fileEncoding = 4; lastKnownFileType = sourcecode.c.objc; path = DisclaimerViewController.m; sourceTree = "<group>"; };
		0950760615DD3F3200D6299C /* DisclaimerViewController.xib */ = {isa = PBXFileReference; fileEncoding = 4; lastKnownFileType = file.xib; path = DisclaimerViewController.xib; sourceTree = "<group>"; };
		09C2FCDC15DCFF9B00F01096 /* FacebookSDK.framework */ = {isa = PBXFileReference; lastKnownFileType = wrapper.framework; path = FacebookSDK.framework; sourceTree = "<group>"; };
		09C2FD0415DD240400F01096 /* AccountViewController.xib */ = {isa = PBXFileReference; fileEncoding = 4; lastKnownFileType = file.xib; path = AccountViewController.xib; sourceTree = "<group>"; };
		09C2FD4A15DD2B7100F01096 /* RecordViewController.h */ = {isa = PBXFileReference; fileEncoding = 4; lastKnownFileType = sourcecode.c.h; path = RecordViewController.h; sourceTree = "<group>"; };
		09C2FD4B15DD2B7100F01096 /* RecordViewController.m */ = {isa = PBXFileReference; fileEncoding = 4; lastKnownFileType = sourcecode.c.objc; path = RecordViewController.m; sourceTree = "<group>"; };
		09C2FD4E15DD305700F01096 /* MyVideosViewController.h */ = {isa = PBXFileReference; fileEncoding = 4; lastKnownFileType = sourcecode.c.h; path = MyVideosViewController.h; sourceTree = "<group>"; };
		09C2FD4F15DD305700F01096 /* MyVideosViewController.m */ = {isa = PBXFileReference; fileEncoding = 4; lastKnownFileType = sourcecode.c.objc; path = MyVideosViewController.m; sourceTree = "<group>"; };
		09C2FD5115DD308000F01096 /* TopVideosViewController.h */ = {isa = PBXFileReference; fileEncoding = 4; lastKnownFileType = sourcecode.c.h; path = TopVideosViewController.h; sourceTree = "<group>"; };
		09C2FD5215DD308000F01096 /* TopVideosViewController.m */ = {isa = PBXFileReference; fileEncoding = 4; lastKnownFileType = sourcecode.c.objc; path = TopVideosViewController.m; sourceTree = "<group>"; };
		09C2FD5715DD361200F01096 /* klaxon.png */ = {isa = PBXFileReference; lastKnownFileType = image.png; path = klaxon.png; sourceTree = "<group>"; };
/* End PBXFileReference section */

/* Begin PBXFrameworksBuildPhase section */
		01F9FB6E1480FB6300745398 /* Frameworks */ = {
			isa = PBXFrameworksBuildPhase;
			buildActionMask = 2147483647;
			files = (
				017E42EB14CF9B2F00B47B4C /* libDailymotion.a in Frameworks */,
				01F972FC1491580100D763EA /* MediaPlayer.framework in Frameworks */,
				01F9FB961481039300745398 /* MobileCoreServices.framework in Frameworks */,
				01F9FB761480FB6300745398 /* UIKit.framework in Frameworks */,
				01F9FB781480FB6300745398 /* Foundation.framework in Frameworks */,
				01F9FB7A1480FB6300745398 /* CoreGraphics.framework in Frameworks */,
				09C2FCDD15DCFF9B00F01096 /* FacebookSDK.framework in Frameworks */,
			);
			runOnlyForDeploymentPostprocessing = 0;
		};
/* End PBXFrameworksBuildPhase section */

/* Begin PBXGroup section */
		01045B4014CF7ABC00970E6C /* MBProgressHUD */ = {
			isa = PBXGroup;
			children = (
				01953F9814D0A4120001169D /* MBProgressHUD.h */,
				01953F9914D0A4120001169D /* MBProgressHUD.m */,
			);
			name = MBProgressHUD;
			path = libs/MBProgressHUD;
			sourceTree = "<group>";
		};
		016D0613152A5643001B7D30 /* Helpers */ = {
			isa = PBXGroup;
			children = (
				016D0614152A5761001B7D30 /* NSString+Additions.h */,
				016D0615152A5761001B7D30 /* NSString+Additions.m */,
			);
			name = Helpers;
			path = klaxpont;
			sourceTree = "<group>";
		};
		017E42E114CF9B1C00B47B4C /* Products */ = {
			isa = PBXGroup;
			children = (
				017E42E614CF9B1C00B47B4C /* libDailymotion.a */,
				017E42E814CF9B1C00B47B4C /* Tests.octest */,
			);
			name = Products;
			sourceTree = "<group>";
		};
		01F9FB661480FB6300745398 = {
			isa = PBXGroup;
			children = (
				016D0613152A5643001B7D30 /* Helpers */,
				01045B3414CF7A9B00970E6C /* iOS.xcodeproj */,
				01045B4014CF7ABC00970E6C /* MBProgressHUD */,
				01F9FB7B1480FB6300745398 /* klaxpont */,
				01F9FB741480FB6300745398 /* Frameworks */,
				01F9FB721480FB6300745398 /* Products */,
			);
			sourceTree = "<group>";
		};
		01F9FB721480FB6300745398 /* Products */ = {
			isa = PBXGroup;
			children = (
				01F9FB711480FB6300745398 /* klaxpont.app */,
			);
			name = Products;
			sourceTree = "<group>";
		};
		01F9FB741480FB6300745398 /* Frameworks */ = {
			isa = PBXGroup;
			children = (
				09C2FCDC15DCFF9B00F01096 /* FacebookSDK.framework */,
				01F972FB1491580100D763EA /* MediaPlayer.framework */,
				01F9FB951481039300745398 /* MobileCoreServices.framework */,
				01F9FB751480FB6300745398 /* UIKit.framework */,
				01F9FB771480FB6300745398 /* Foundation.framework */,
				01F9FB791480FB6300745398 /* CoreGraphics.framework */,
			);
			name = Frameworks;
			sourceTree = "<group>";
		};
		01F9FB7B1480FB6300745398 /* klaxpont */ = {
			isa = PBXGroup;
			children = (
				01F9FB841480FB6300745398 /* AppDelegate.h */,
				01F9FB851480FB6300745398 /* AppDelegate.m */,
				01F9FB97148104E100745398 /* Classes */,
				01F9FB7C1480FB6300745398 /* Supporting Files */,
			);
			path = klaxpont;
			sourceTree = "<group>";
		};
		01F9FB7C1480FB6300745398 /* Supporting Files */ = {
			isa = PBXGroup;
			children = (
				09C2FD5715DD361200F01096 /* klaxon.png */,
				01F9FB7D1480FB6300745398 /* klaxpont-Info.plist */,
				01F9FB811480FB6300745398 /* main.m */,
				01F9FB831480FB6300745398 /* klaxpont-Prefix.pch */,
				019E021F1534C461002BC4F2 /* InfoPlist.strings */,
				09C2FD0415DD240400F01096 /* AccountViewController.xib */,
				01045B8114CF90DB00970E6C /* Settings.plist */,
			);
			name = "Supporting Files";
			sourceTree = "<group>";
		};
		01F9FB97148104E100745398 /* Classes */ = {
			isa = PBXGroup;
			children = (
				093D00B615DD569400518A9D /* Upload */,
				0950760415DD3F3200D6299C /* DisclaimerViewController.h */,
				0950760515DD3F3200D6299C /* DisclaimerViewController.m */,
				0950760615DD3F3200D6299C /* DisclaimerViewController.xib */,
				09C2FD4D15DD2FBD00F01096 /* deprecated */,
				010FF6E515325AA3007A9998 /* AccountViewController.h */,
				010FF6E615325AA4007A9998 /* AccountViewController.m */,
				09C2FD4A15DD2B7100F01096 /* RecordViewController.h */,
				09C2FD4B15DD2B7100F01096 /* RecordViewController.m */,
				09C2FD4E15DD305700F01096 /* MyVideosViewController.h */,
				09C2FD4F15DD305700F01096 /* MyVideosViewController.m */,
				09C2FD5115DD308000F01096 /* TopVideosViewController.h */,
				09C2FD5215DD308000F01096 /* TopVideosViewController.m */,
			);
			name = Classes;
			sourceTree = "<group>";
		};
		093D00B615DD569400518A9D /* Upload */ = {
			isa = PBXGroup;
			children = (
				01F9FB92148102B400745398 /* VideoPickerController.h */,
				01F9FB93148102B400745398 /* VideoPickerController.m */,
			);
			name = Upload;
			sourceTree = "<group>";
		};
		09C2FD4D15DD2FBD00F01096 /* deprecated */ = {
			isa = PBXGroup;
			children = (
				01F9FB8A1480FB6300745398 /* ViewController.h */,
				01F9FB8B1480FB6300745398 /* ViewController.m */,
				01A6F148152BA57F00C1778F /* Settings.h */,
				01A6F149152BA57F00C1778F /* Settings.m */,
				019E02201534CD95002BC4F2 /* UserHelper.h */,
				019E02211534CD95002BC4F2 /* UserHelper.m */,
			);
			name = deprecated;
			sourceTree = "<group>";
		};
/* End PBXGroup section */

/* Begin PBXNativeTarget section */
		01F9FB701480FB6300745398 /* klaxpont */ = {
			isa = PBXNativeTarget;
			buildConfigurationList = 01F9FB8F1480FB6300745398 /* Build configuration list for PBXNativeTarget "klaxpont" */;
			buildPhases = (
				01F9FB6D1480FB6300745398 /* Sources */,
				01F9FB6E1480FB6300745398 /* Frameworks */,
				01F9FB6F1480FB6300745398 /* Resources */,
			);
			buildRules = (
			);
			dependencies = (
				017E42EA14CF9B2800B47B4C /* PBXTargetDependency */,
			);
			name = klaxpont;
			productName = klaxpont;
			productReference = 01F9FB711480FB6300745398 /* klaxpont.app */;
			productType = "com.apple.product-type.application";
		};
/* End PBXNativeTarget section */

/* Begin PBXProject section */
		01F9FB681480FB6300745398 /* Project object */ = {
			isa = PBXProject;
			attributes = {
				LastUpgradeCheck = 0430;
			};
			buildConfigurationList = 01F9FB6B1480FB6300745398 /* Build configuration list for PBXProject "klaxpont" */;
			compatibilityVersion = "Xcode 3.2";
			developmentRegion = English;
			hasScannedForEncodings = 0;
			knownRegions = (
				en,
			);
			mainGroup = 01F9FB661480FB6300745398;
			productRefGroup = 01F9FB721480FB6300745398 /* Products */;
			projectDirPath = "";
			projectReferences = (
				{
					ProductGroup = 017E42E114CF9B1C00B47B4C /* Products */;
					ProjectRef = 01045B3414CF7A9B00970E6C /* iOS.xcodeproj */;
				},
			);
			projectRoot = "";
			targets = (
				01F9FB701480FB6300745398 /* klaxpont */,
			);
		};
/* End PBXProject section */

/* Begin PBXReferenceProxy section */
		017E42E614CF9B1C00B47B4C /* libDailymotion.a */ = {
			isa = PBXReferenceProxy;
			fileType = archive.ar;
			path = libDailymotion.a;
			remoteRef = 017E42E514CF9B1C00B47B4C /* PBXContainerItemProxy */;
			sourceTree = BUILT_PRODUCTS_DIR;
		};
		017E42E814CF9B1C00B47B4C /* Tests.octest */ = {
			isa = PBXReferenceProxy;
			fileType = wrapper.cfbundle;
			path = Tests.octest;
			remoteRef = 017E42E714CF9B1C00B47B4C /* PBXContainerItemProxy */;
			sourceTree = BUILT_PRODUCTS_DIR;
		};
/* End PBXReferenceProxy section */

/* Begin PBXResourcesBuildPhase section */
		01F9FB6F1480FB6300745398 /* Resources */ = {
			isa = PBXResourcesBuildPhase;
			buildActionMask = 2147483647;
			files = (
				01045B8214CF90DB00970E6C /* Settings.plist in Resources */,
				019E021E1534C461002BC4F2 /* InfoPlist.strings in Resources */,
				09C2FD5615DD31B300F01096 /* AccountViewController.xib in Resources */,
				09C2FD5815DD361200F01096 /* klaxon.png in Resources */,
				0950760815DD3F3200D6299C /* DisclaimerViewController.xib in Resources */,
			);
			runOnlyForDeploymentPostprocessing = 0;
		};
/* End PBXResourcesBuildPhase section */

/* Begin PBXSourcesBuildPhase section */
		01F9FB6D1480FB6300745398 /* Sources */ = {
			isa = PBXSourcesBuildPhase;
			buildActionMask = 2147483647;
			files = (
				01F9FB821480FB6300745398 /* main.m in Sources */,
				01F9FB861480FB6300745398 /* AppDelegate.m in Sources */,
				01953F9A14D0A4120001169D /* MBProgressHUD.m in Sources */,
				016D0616152A5761001B7D30 /* NSString+Additions.m in Sources */,
				09C2FD4C15DD2B7100F01096 /* RecordViewController.m in Sources */,
				09C2FD5015DD305700F01096 /* MyVideosViewController.m in Sources */,
				09C2FD5315DD308000F01096 /* TopVideosViewController.m in Sources */,
				09C2FD5415DD316C00F01096 /* AccountViewController.m in Sources */,
				09C2FD5515DD318200F01096 /* UserHelper.m in Sources */,
				0950760715DD3F3200D6299C /* DisclaimerViewController.m in Sources */,
				093D00B515DD567B00518A9D /* VideoPickerController.m in Sources */,
			);
			runOnlyForDeploymentPostprocessing = 0;
		};
/* End PBXSourcesBuildPhase section */

/* Begin PBXTargetDependency section */
		017E42EA14CF9B2800B47B4C /* PBXTargetDependency */ = {
			isa = PBXTargetDependency;
			name = Dailymotion;
			targetProxy = 017E42E914CF9B2800B47B4C /* PBXContainerItemProxy */;
		};
/* End PBXTargetDependency section */

/* Begin XCBuildConfiguration section */
		01F9FB8D1480FB6300745398 /* Debug */ = {
			isa = XCBuildConfiguration;
			buildSettings = {
				ALWAYS_SEARCH_USER_PATHS = NO;
				ARCHS = "$(ARCHS_STANDARD_32_BIT)";
				CLANG_ENABLE_OBJC_ARC = YES;
				"CODE_SIGN_IDENTITY[sdk=iphoneos*]" = "iPhone Developer";
				COPY_PHASE_STRIP = NO;
				GCC_C_LANGUAGE_STANDARD = gnu99;
				GCC_DYNAMIC_NO_PIC = NO;
				GCC_OPTIMIZATION_LEVEL = 0;
				GCC_PREPROCESSOR_DEFINITIONS = (
					"DEBUG=1",
					"$(inherited)",
				);
				GCC_SYMBOLS_PRIVATE_EXTERN = NO;
				GCC_VERSION = com.apple.compilers.llvm.clang.1_0;
				GCC_WARN_ABOUT_MISSING_PROTOTYPES = YES;
				GCC_WARN_ABOUT_RETURN_TYPE = YES;
				GCC_WARN_UNUSED_VARIABLE = YES;
				IPHONEOS_DEPLOYMENT_TARGET = 5.0;
				SDKROOT = iphoneos;
			};
			name = Debug;
		};
		01F9FB8E1480FB6300745398 /* Release */ = {
			isa = XCBuildConfiguration;
			buildSettings = {
				ALWAYS_SEARCH_USER_PATHS = NO;
				ARCHS = "$(ARCHS_STANDARD_32_BIT)";
				CLANG_ENABLE_OBJC_ARC = YES;
				"CODE_SIGN_IDENTITY[sdk=iphoneos*]" = "iPhone Developer";
				COPY_PHASE_STRIP = YES;
				GCC_C_LANGUAGE_STANDARD = gnu99;
				GCC_VERSION = com.apple.compilers.llvm.clang.1_0;
				GCC_WARN_ABOUT_MISSING_PROTOTYPES = YES;
				GCC_WARN_ABOUT_RETURN_TYPE = YES;
				GCC_WARN_UNUSED_VARIABLE = YES;
				IPHONEOS_DEPLOYMENT_TARGET = 5.0;
				OTHER_CFLAGS = "-DNS_BLOCK_ASSERTIONS=1";
				SDKROOT = iphoneos;
				VALIDATE_PRODUCT = YES;
			};
			name = Release;
		};
		01F9FB901480FB6300745398 /* Debug */ = {
			isa = XCBuildConfiguration;
			buildSettings = {
				FRAMEWORK_SEARCH_PATHS = (
					"$(inherited)",
					"\"$(SRCROOT)\"",
				);
				GCC_PRECOMPILE_PREFIX_HEADER = YES;
				GCC_PREFIX_HEADER = "klaxpont/klaxpont-Prefix.pch";
				HEADER_SEARCH_PATHS = "\"$(SRCROOT)/dailymotion\"";
				INFOPLIST_FILE = "klaxpont/klaxpont-Info.plist";
				LIBRARY_SEARCH_PATHS = "$(inherited)";
				PRODUCT_NAME = "$(TARGET_NAME)";
				USER_HEADER_SEARCH_PATHS = "\"$(BUILT_PRODUCTS_DIR)\"";
				WRAPPER_EXTENSION = app;
			};
			name = Debug;
		};
		01F9FB911480FB6300745398 /* Release */ = {
			isa = XCBuildConfiguration;
			buildSettings = {
				FRAMEWORK_SEARCH_PATHS = (
					"$(inherited)",
					"\"$(SRCROOT)\"",
				);
				GCC_PRECOMPILE_PREFIX_HEADER = YES;
				GCC_PREFIX_HEADER = "klaxpont/klaxpont-Prefix.pch";
				HEADER_SEARCH_PATHS = "\"$(SRCROOT)/dailymotion\"";
				INFOPLIST_FILE = "klaxpont/klaxpont-Info.plist";
				LIBRARY_SEARCH_PATHS = "$(inherited)";
				PRODUCT_NAME = "$(TARGET_NAME)";
				USER_HEADER_SEARCH_PATHS = "\"$(BUILT_PRODUCTS_DIR)\"";
				WRAPPER_EXTENSION = app;
			};
			name = Release;
		};
/* End XCBuildConfiguration section */

/* Begin XCConfigurationList section */
		01F9FB6B1480FB6300745398 /* Build configuration list for PBXProject "klaxpont" */ = {
			isa = XCConfigurationList;
			buildConfigurations = (
				01F9FB8D1480FB6300745398 /* Debug */,
				01F9FB8E1480FB6300745398 /* Release */,
			);
			defaultConfigurationIsVisible = 0;
			defaultConfigurationName = Release;
		};
		01F9FB8F1480FB6300745398 /* Build configuration list for PBXNativeTarget "klaxpont" */ = {
			isa = XCConfigurationList;
			buildConfigurations = (
				01F9FB901480FB6300745398 /* Debug */,
				01F9FB911480FB6300745398 /* Release */,
			);
			defaultConfigurationIsVisible = 0;
			defaultConfigurationName = Release;
		};
/* End XCConfigurationList section */
	};
	rootObject = 01F9FB681480FB6300745398 /* Project object */;
}
